
Microsoft Visual Studio Solution File, Format Version 12.00
# Visual Studio Version 16
VisualStudioVersion = 16.0.32428.217
MinimumVisualStudioVersion = 10.0.40219.1
Project("{FAE04EC0-301F-11D3-BF4B-00C04F79EFBC}") = "OverleyEnhanced", "OverleyEnhanced\OverleyEnhanced.csproj", "{18673A1A-2802-4923-9C6E-8F4388803F23}"
EndProject
Global
	GlobalSection(SolutionConfigurationPlatforms) = preSolution
		Debug|Any CPU = Debug|Any CPU
		Release|Any CPU = Release|Any CPU
	EndGlobalSection
	GlobalSection(ProjectConfigurationPlatforms) = postSolution
		{18673A1A-2802-4923-9C6E-8F4388803F23}.Debug|Any CPU.ActiveCfg = Debug|Any CPU
		{18673A1A-2802-4923-9C6E-8F4388803F23}.Debug|Any CPU.Build.0 = Debug|Any CPU
		{18673A1A-2802-4923-9C6E-8F4388803F23}.Release|Any CPU.ActiveCfg = Release|Any CPU
		{18673A1A-2802-4923-9C6E-8F4388803F23}.Release|Any CPU.Build.0 = Release|Any CPU
	EndGlobalSection
	GlobalSection(SolutionProperties) = preSolution
		HideSolutionNode = FALSE
	EndGlobalSection
	GlobalSection(ExtensibilityGlobals) = postSolution
		SolutionGuid = {68DB3603-274D-401C-8A38-A902D6EB83BE}
	EndGlobalSection
EndGlobal
